{
  "requires": true,
  "lockfileVersion": 1,
  "dependencies": {
    "element-theme-chalk": {
      "version": "2.13.2",
      "resolved": "https://registry.npmjs.org/element-theme-chalk/-/element-theme-chalk-2.13.2.tgz",
      "integrity": "sha512-VtE+yX1r4T1i8fRN+DbQWBdrnDIKQENbxN8Hfop1S45em+MIcuZ2Qgx1xHwuuLS9oaTgsau4MzgOmd8fU8bzMQ==",
      "dev": true
    }
  }
}
